
Microsoft Visual Studio Solution File, Format Version 12.00
# Visual Studio Version 17
VisualStudioVersion = 17.1.32414.318
MinimumVisualStudioVersion = 10.0.40219.1
Project("{9A19103F-16F7-4668-BE54-9A1E7A4F7556}") = "Movies.Domain", "Movies.Domain\Movies.Domain.csproj", "{93724364-F6DF-4EE9-BE7A-8940CCE5DDF4}"
EndProject
Project("{9A19103F-16F7-4668-BE54-9A1E7A4F7556}") = "Movies.DataAccess", "Movies.DataAccess\Movies.DataAccess.csproj", "{9312AAB5-0B21-432A-9D7C-4808B8684ADE}"
EndProject
Project("{9A19103F-16F7-4668-BE54-9A1E7A4F7556}") = "Movies.Aplication", "Movies.Core\Movies.Aplication.csproj", "{09E34D9B-41B8-4CD0-8D9A-D5DC1CE48D96}"
EndProject
Project("{9A19103F-16F7-4668-BE54-9A1E7A4F7556}") = "Movies.WebApi", "Movies.WebApi\Movies.WebApi.csproj", "{35580978-42C8-4AB8-9929-F73DA6070A1E}"
EndProject
Project("{9A19103F-16F7-4668-BE54-9A1E7A4F7556}") = "Movies.Implementation", "Movies.Infrastructure\Movies.Implementation.csproj", "{D83A540D-248F-4653-BBA6-64C4D91F0699}"
EndProject
Global
	GlobalSection(SolutionConfigurationPlatforms) = preSolution
		Debug|Any CPU = Debug|Any CPU
		Release|Any CPU = Release|Any CPU
	EndGlobalSection
	GlobalSection(ProjectConfigurationPlatforms) = postSolution
		{93724364-F6DF-4EE9-BE7A-8940CCE5DDF4}.Debug|Any CPU.ActiveCfg = Debug|Any CPU
		{93724364-F6DF-4EE9-BE7A-8940CCE5DDF4}.Debug|Any CPU.Build.0 = Debug|Any CPU
		{93724364-F6DF-4EE9-BE7A-8940CCE5DDF4}.Release|Any CPU.ActiveCfg = Release|Any CPU
		{93724364-F6DF-4EE9-BE7A-8940CCE5DDF4}.Release|Any CPU.Build.0 = Release|Any CPU
		{9312AAB5-0B21-432A-9D7C-4808B8684ADE}.Debug|Any CPU.ActiveCfg = Debug|Any CPU
		{9312AAB5-0B21-432A-9D7C-4808B8684ADE}.Debug|Any CPU.Build.0 = Debug|Any CPU
		{9312AAB5-0B21-432A-9D7C-4808B8684ADE}.Release|Any CPU.ActiveCfg = Release|Any CPU
		{9312AAB5-0B21-432A-9D7C-4808B8684ADE}.Release|Any CPU.Build.0 = Release|Any CPU
		{09E34D9B-41B8-4CD0-8D9A-D5DC1CE48D96}.Debug|Any CPU.ActiveCfg = Debug|Any CPU
		{09E34D9B-41B8-4CD0-8D9A-D5DC1CE48D96}.Debug|Any CPU.Build.0 = Debug|Any CPU
		{09E34D9B-41B8-4CD0-8D9A-D5DC1CE48D96}.Release|Any CPU.ActiveCfg = Release|Any CPU
		{09E34D9B-41B8-4CD0-8D9A-D5DC1CE48D96}.Release|Any CPU.Build.0 = Release|Any CPU
		{35580978-42C8-4AB8-9929-F73DA6070A1E}.Debug|Any CPU.ActiveCfg = Debug|Any CPU
		{35580978-42C8-4AB8-9929-F73DA6070A1E}.Debug|Any CPU.Build.0 = Debug|Any CPU
		{35580978-42C8-4AB8-9929-F73DA6070A1E}.Release|Any CPU.ActiveCfg = Release|Any CPU
		{35580978-42C8-4AB8-9929-F73DA6070A1E}.Release|Any CPU.Build.0 = Release|Any CPU
		{D83A540D-248F-4653-BBA6-64C4D91F0699}.Debug|Any CPU.ActiveCfg = Debug|Any CPU
		{D83A540D-248F-4653-BBA6-64C4D91F0699}.Debug|Any CPU.Build.0 = Debug|Any CPU
		{D83A540D-248F-4653-BBA6-64C4D91F0699}.Release|Any CPU.ActiveCfg = Release|Any CPU
		{D83A540D-248F-4653-BBA6-64C4D91F0699}.Release|Any CPU.Build.0 = Release|Any CPU
	EndGlobalSection
	GlobalSection(SolutionProperties) = preSolution
		HideSolutionNode = FALSE
	EndGlobalSection
	GlobalSection(ExtensibilityGlobals) = postSolution
		SolutionGuid = {2E542E1D-F19D-4386-BF57-BA3CBC40352C}
	EndGlobalSection
EndGlobal
