
Microsoft Visual Studio Solution File, Format Version 12.00
# Visual Studio Version 17
VisualStudioVersion = 17.1.32414.318
MinimumVisualStudioVersion = 10.0.40219.1
Project("{9A19103F-16F7-4668-BE54-9A1E7A4F7556}") = "Movies.Domain", "Movies.Domain\Movies.Domain.csproj", "{93724364-F6DF-4EE9-BE7A-8940CCE5DDF4}"
EndProject
Project("{9A19103F-16F7-4668-BE54-9A1E7A4F7556}") = "Movies.DataAccess", "Movies.DataAccess\Movies.DataAccess.csproj", "{9312AAB5-0B21-432A-9D7C-4808B8684ADE}"
EndProject
Project("{FAE04EC0-301F-11D3-BF4B-00C04F79EFBC}") = "Movies.Application", "Movies.Application\Movies.Application.csproj", "{83CBC61E-515A-400D-B15D-012CAB773A6E}"
EndProject
Project("{FAE04EC0-301F-11D3-BF4B-00C04F79EFBC}") = "Movies.Implementation", "Movies.Implementation\Movies.Implementation.csproj", "{E4C1C98A-84E4-422B-884F-04A59BC47FAD}"
EndProject
Project("{FAE04EC0-301F-11D3-BF4B-00C04F79EFBC}") = "Movies.WebApi", "Movies.WebApi\Movies.WebApi.csproj", "{B56E3244-6F1E-4854-B75F-80A6E68655C6}"
EndProject
Global
	GlobalSection(SolutionConfigurationPlatforms) = preSolution
		Debug|Any CPU = Debug|Any CPU
		Release|Any CPU = Release|Any CPU
	EndGlobalSection
	GlobalSection(ProjectConfigurationPlatforms) = postSolution
		{93724364-F6DF-4EE9-BE7A-8940CCE5DDF4}.Debug|Any CPU.ActiveCfg = Debug|Any CPU
		{93724364-F6DF-4EE9-BE7A-8940CCE5DDF4}.Debug|Any CPU.Build.0 = Debug|Any CPU
		{93724364-F6DF-4EE9-BE7A-8940CCE5DDF4}.Release|Any CPU.ActiveCfg = Release|Any CPU
		{93724364-F6DF-4EE9-BE7A-8940CCE5DDF4}.Release|Any CPU.Build.0 = Release|Any CPU
		{9312AAB5-0B21-432A-9D7C-4808B8684ADE}.Debug|Any CPU.ActiveCfg = Debug|Any CPU
		{9312AAB5-0B21-432A-9D7C-4808B8684ADE}.Debug|Any CPU.Build.0 = Debug|Any CPU
		{9312AAB5-0B21-432A-9D7C-4808B8684ADE}.Release|Any CPU.ActiveCfg = Release|Any CPU
		{9312AAB5-0B21-432A-9D7C-4808B8684ADE}.Release|Any CPU.Build.0 = Release|Any CPU
		{83CBC61E-515A-400D-B15D-012CAB773A6E}.Debug|Any CPU.ActiveCfg = Debug|Any CPU
		{83CBC61E-515A-400D-B15D-012CAB773A6E}.Debug|Any CPU.Build.0 = Debug|Any CPU
		{83CBC61E-515A-400D-B15D-012CAB773A6E}.Release|Any CPU.ActiveCfg = Release|Any CPU
		{83CBC61E-515A-400D-B15D-012CAB773A6E}.Release|Any CPU.Build.0 = Release|Any CPU
		{E4C1C98A-84E4-422B-884F-04A59BC47FAD}.Debug|Any CPU.ActiveCfg = Debug|Any CPU
		{E4C1C98A-84E4-422B-884F-04A59BC47FAD}.Debug|Any CPU.Build.0 = Debug|Any CPU
		{E4C1C98A-84E4-422B-884F-04A59BC47FAD}.Release|Any CPU.ActiveCfg = Release|Any CPU
		{E4C1C98A-84E4-422B-884F-04A59BC47FAD}.Release|Any CPU.Build.0 = Release|Any CPU
		{B56E3244-6F1E-4854-B75F-80A6E68655C6}.Debug|Any CPU.ActiveCfg = Debug|Any CPU
		{B56E3244-6F1E-4854-B75F-80A6E68655C6}.Debug|Any CPU.Build.0 = Debug|Any CPU
		{B56E3244-6F1E-4854-B75F-80A6E68655C6}.Release|Any CPU.ActiveCfg = Release|Any CPU
		{B56E3244-6F1E-4854-B75F-80A6E68655C6}.Release|Any CPU.Build.0 = Release|Any CPU
	EndGlobalSection
	GlobalSection(SolutionProperties) = preSolution
		HideSolutionNode = FALSE
	EndGlobalSection
	GlobalSection(ExtensibilityGlobals) = postSolution
		SolutionGuid = {2E542E1D-F19D-4386-BF57-BA3CBC40352C}
	EndGlobalSection
EndGlobal
